// !$*UTF8*$!
{
	archiveVersion = 1;
	classes = {
	};
	objectVersion = 46;
	objects = {

/* Begin PBXBuildFile section */
		E3F8677C1D9FF169000E4B66 /* AppDelegate.swift in Sources */ = {isa = PBXBuildFile; fileRef = E3F8677B1D9FF169000E4B66 /* AppDelegate.swift */; };
		E3F8677E1D9FF169000E4B66 /* ViewController.swift in Sources */ = {isa = PBXBuildFile; fileRef = E3F8677D1D9FF169000E4B66 /* ViewController.swift */; };
		E3F867811D9FF169000E4B66 /* Main.storyboard in Resources */ = {isa = PBXBuildFile; fileRef = E3F8677F1D9FF169000E4B66 /* Main.storyboard */; };
		E3F867831D9FF169000E4B66 /* Assets.xcassets in Resources */ = {isa = PBXBuildFile; fileRef = E3F867821D9FF169000E4B66 /* Assets.xcassets */; };
		E3F867861D9FF169000E4B66 /* LaunchScreen.storyboard in Resources */ = {isa = PBXBuildFile; fileRef = E3F867841D9FF169000E4B66 /* LaunchScreen.storyboard */; };
		E3F867911D9FF169000E4B66 /* SequeForNextTests.swift in Sources */ = {isa = PBXBuildFile; fileRef = E3F867901D9FF169000E4B66 /* SequeForNextTests.swift */; };
		E3F8679C1D9FF169000E4B66 /* SequeForNextUITests.swift in Sources */ = {isa = PBXBuildFile; fileRef = E3F8679B1D9FF169000E4B66 /* SequeForNextUITests.swift */; };
		E3F867AA1D9FF739000E4B66 /* File.swift in Sources */ = {isa = PBXBuildFile; fileRef = E3F867A91D9FF739000E4B66 /* File.swift */; };
/* End PBXBuildFile section */

/* Begin PBXContainerItemProxy section */
		E3F8678D1D9FF169000E4B66 /* PBXContainerItemProxy */ = {
			isa = PBXContainerItemProxy;
			containerPortal = E3F867701D9FF169000E4B66 /* Project object */;
			proxyType = 1;
			remoteGlobalIDString = E3F867771D9FF169000E4B66;
			remoteInfo = SequeForNext;
		};
		E3F867981D9FF169000E4B66 /* PBXContainerItemProxy */ = {
			isa = PBXContainerItemProxy;
			containerPortal = E3F867701D9FF169000E4B66 /* Project object */;
			proxyType = 1;
			remoteGlobalIDString = E3F867771D9FF169000E4B66;
			remoteInfo = SequeForNext;
		};
/* End PBXContainerItemProxy section */

/* Begin PBXFileReference section */
		E3F867781D9FF169000E4B66 /* SequeForNext.app */ = {isa = PBXFileReference; explicitFileType = wrapper.application; includeInIndex = 0; path = SequeForNext.app; sourceTree = BUILT_PRODUCTS_DIR; };
		E3F8677B1D9FF169000E4B66 /* AppDelegate.swift */ = {isa = PBXFileReference; lastKnownFileType = sourcecode.swift; path = AppDelegate.swift; sourceTree = "<group>"; };
		E3F8677D1D9FF169000E4B66 /* ViewController.swift */ = {isa = PBXFileReference; lastKnownFileType = sourcecode.swift; path = ViewController.swift; sourceTree = "<group>"; };
		E3F867801D9FF169000E4B66 /* Base */ = {isa = PBXFileReference; lastKnownFileType = file.storyboard; name = Base; path = Base.lproj/Main.storyboard; sourceTree = "<group>"; };
		E3F867821D9FF169000E4B66 /* Assets.xcassets */ = {isa = PBXFileReference; lastKnownFileType = folder.assetcatalog; path = Assets.xcassets; sourceTree = "<group>"; };
		E3F867851D9FF169000E4B66 /* Base */ = {isa = PBXFileReference; lastKnownFileType = file.storyboard; name = Base; path = Base.lproj/LaunchScreen.storyboard; sourceTree = "<group>"; };
		E3F867871D9FF169000E4B66 /* Info.plist */ = {isa = PBXFileReference; lastKnownFileType = text.plist.xml; path = Info.plist; sourceTree = "<group>"; };
		E3F8678C1D9FF169000E4B66 /* SequeForNextTests.xctest */ = {isa = PBXFileReference; explicitFileType = wrapper.cfbundle; includeInIndex = 0; path = SequeForNextTests.xctest; sourceTree = BUILT_PRODUCTS_DIR; };
		E3F867901D9FF169000E4B66 /* SequeForNextTests.swift */ = {isa = PBXFileReference; lastKnownFileType = sourcecode.swift; path = SequeForNextTests.swift; sourceTree = "<group>"; };
		E3F867921D9FF169000E4B66 /* Info.plist */ = {isa = PBXFileReference; lastKnownFileType = text.plist.xml; path = Info.plist; sourceTree = "<group>"; };
		E3F867971D9FF169000E4B66 /* SequeForNextUITests.xctest */ = {isa = PBXFileReference; explicitFileType = wrapper.cfbundle; includeInIndex = 0; path = SequeForNextUITests.xctest; sourceTree = BUILT_PRODUCTS_DIR; };
		E3F8679B1D9FF169000E4B66 /* SequeForNextUITests.swift */ = {isa = PBXFileReference; lastKnownFileType = sourcecode.swift; path = SequeForNextUITests.swift; sourceTree = "<group>"; };
		E3F8679D1D9FF169000E4B66 /* Info.plist */ = {isa = PBXFileReference; lastKnownFileType = text.plist.xml; path = Info.plist; sourceTree = "<group>"; };
		E3F867A91D9FF739000E4B66 /* File.swift */ = {isa = PBXFileReference; fileEncoding = 4; lastKnownFileType = sourcecode.swift; path = File.swift; sourceTree = "<group>"; };
/* End PBXFileReference section */

/* Begin PBXFrameworksBuildPhase section */
		E3F867751D9FF169000E4B66 /* Frameworks */ = {
			isa = PBXFrameworksBuildPhase;
			buildActionMask = 2147483647;
			files = (
			);
			runOnlyForDeploymentPostprocessing = 0;
		};
		E3F867891D9FF169000E4B66 /* Frameworks */ = {
			isa = PBXFrameworksBuildPhase;
			buildActionMask = 2147483647;
			files = (
			);
			runOnlyForDeploymentPostprocessing = 0;
		};
		E3F867941D9FF169000E4B66 /* Frameworks */ = {
			isa = PBXFrameworksBuildPhase;
			buildActionMask = 2147483647;
			files = (
			);
			runOnlyForDeploymentPostprocessing = 0;
		};
/* End PBXFrameworksBuildPhase section */

/* Begin PBXGroup section */
		E3F8676F1D9FF169000E4B66 = {
			isa = PBXGroup;
			children = (
				E3F8677A1D9FF169000E4B66 /* SequeForNext */,
				E3F8678F1D9FF169000E4B66 /* SequeForNextTests */,
				E3F8679A1D9FF169000E4B66 /* SequeForNextUITests */,
				E3F867791D9FF169000E4B66 /* Products */,
			);
			sourceTree = "<group>";
		};
		E3F867791D9FF169000E4B66 /* Products */ = {
			isa = PBXGroup;
			children = (
				E3F867781D9FF169000E4B66 /* SequeForNext.app */,
				E3F8678C1D9FF169000E4B66 /* SequeForNextTests.xctest */,
				E3F867971D9FF169000E4B66 /* SequeForNextUITests.xctest */,
			);
			name = Products;
			sourceTree = "<group>";
		};
		E3F8677A1D9FF169000E4B66 /* SequeForNext */ = {
			isa = PBXGroup;
			children = (
				E3F8677B1D9FF169000E4B66 /* AppDelegate.swift */,
				E3F8677D1D9FF169000E4B66 /* ViewController.swift */,
				E3F8677F1D9FF169000E4B66 /* Main.storyboard */,
				E3F867821D9FF169000E4B66 /* Assets.xcassets */,
				E3F867841D9FF169000E4B66 /* LaunchScreen.storyboard */,
				E3F867871D9FF169000E4B66 /* Info.plist */,
				E3F867A91D9FF739000E4B66 /* File.swift */,
			);
			path = SequeForNext;
			sourceTree = "<group>";
		};
		E3F8678F1D9FF169000E4B66 /* SequeForNextTests */ = {
			isa = PBXGroup;
			children = (
				E3F867901D9FF169000E4B66 /* SequeForNextTests.swift */,
				E3F867921D9FF169000E4B66 /* Info.plist */,
			);
			path = SequeForNextTests;
			sourceTree = "<group>";
		};
		E3F8679A1D9FF169000E4B66 /* SequeForNextUITests */ = {
			isa = PBXGroup;
			children = (
				E3F8679B1D9FF169000E4B66 /* SequeForNextUITests.swift */,
				E3F8679D1D9FF169000E4B66 /* Info.plist */,
			);
			path = SequeForNextUITests;
			sourceTree = "<group>";
		};
/* End PBXGroup section */

/* Begin PBXNativeTarget section */
		E3F867771D9FF169000E4B66 /* SequeForNext */ = {
			isa = PBXNativeTarget;
			buildConfigurationList = E3F867A01D9FF169000E4B66 /* Build configuration list for PBXNativeTarget "SequeForNext" */;
			buildPhases = (
				E3F867741D9FF169000E4B66 /* Sources */,
				E3F867751D9FF169000E4B66 /* Frameworks */,
				E3F867761D9FF169000E4B66 /* Resources */,
			);
			buildRules = (
			);
			dependencies = (
			);
			name = SequeForNext;
			productName = SequeForNext;
			productReference = E3F867781D9FF169000E4B66 /* SequeForNext.app */;
			productType = "com.apple.product-type.application";
		};
		E3F8678B1D9FF169000E4B66 /* SequeForNextTests */ = {
			isa = PBXNativeTarget;
			buildConfigurationList = E3F867A31D9FF169000E4B66 /* Build configuration list for PBXNativeTarget "SequeForNextTests" */;
			buildPhases = (
				E3F867881D9FF169000E4B66 /* Sources */,
				E3F867891D9FF169000E4B66 /* Frameworks */,
				E3F8678A1D9FF169000E4B66 /* Resources */,
			);
			buildRules = (
			);
			dependencies = (
				E3F8678E1D9FF169000E4B66 /* PBXTargetDependency */,
			);
			name = SequeForNextTests;
			productName = SequeForNextTests;
			productReference = E3F8678C1D9FF169000E4B66 /* SequeForNextTests.xctest */;
			productType = "com.apple.product-type.bundle.unit-test";
		};
		E3F867961D9FF169000E4B66 /* SequeForNextUITests */ = {
			isa = PBXNativeTarget;
			buildConfigurationList = E3F867A61D9FF169000E4B66 /* Build configuration list for PBXNativeTarget "SequeForNextUITests" */;
			buildPhases = (
				E3F867931D9FF169000E4B66 /* Sources */,
				E3F867941D9FF169000E4B66 /* Frameworks */,
				E3F867951D9FF169000E4B66 /* Resources */,
			);
			buildRules = (
			);
			dependencies = (
				E3F867991D9FF169000E4B66 /* PBXTargetDependency */,
			);
			name = SequeForNextUITests;
			productName = SequeForNextUITests;
			productReference = E3F867971D9FF169000E4B66 /* SequeForNextUITests.xctest */;
			productType = "com.apple.product-type.bundle.ui-testing";
		};
/* End PBXNativeTarget section */

/* Begin PBXProject section */
		E3F867701D9FF169000E4B66 /* Project object */ = {
			isa = PBXProject;
			attributes = {
				LastSwiftUpdateCheck = 0730;
				LastUpgradeCheck = 0730;
				ORGANIZATIONNAME = Bharadwaj;
				TargetAttributes = {
					E3F867771D9FF169000E4B66 = {
						CreatedOnToolsVersion = 7.3.1;
					};
					E3F8678B1D9FF169000E4B66 = {
						CreatedOnToolsVersion = 7.3.1;
						TestTargetID = E3F867771D9FF169000E4B66;
					};
					E3F867961D9FF169000E4B66 = {
						CreatedOnToolsVersion = 7.3.1;
						TestTargetID = E3F867771D9FF169000E4B66;
					};
				};
			};
			buildConfigurationList = E3F867731D9FF169000E4B66 /* Build configuration list for PBXProject "SequeForNext" */;
			compatibilityVersion = "Xcode 3.2";
			developmentRegion = English;
			hasScannedForEncodings = 0;
			knownRegions = (
				en,
				Base,
			);
			mainGroup = E3F8676F1D9FF169000E4B66;
			productRefGroup = E3F867791D9FF169000E4B66 /* Products */;
			projectDirPath = "";
			projectRoot = "";
			targets = (
				E3F867771D9FF169000E4B66 /* SequeForNext */,
				E3F8678B1D9FF169000E4B66 /* SequeForNextTests */,
				E3F867961D9FF169000E4B66 /* SequeForNextUITests */,
			);
		};
/* End PBXProject section */

/* Begin PBXResourcesBuildPhase section */
		E3F867761D9FF169000E4B66 /* Resources */ = {
			isa = PBXResourcesBuildPhase;
			buildActionMask = 2147483647;
			files = (
				E3F867861D9FF169000E4B66 /* LaunchScreen.storyboard in Resources */,
				E3F867831D9FF169000E4B66 /* Assets.xcassets in Resources */,
				E3F867811D9FF169000E4B66 /* Main.storyboard in Resources */,
			);
			runOnlyForDeploymentPostprocessing = 0;
		};
		E3F8678A1D9FF169000E4B66 /* Resources */ = {
			isa = PBXResourcesBuildPhase;
			buildActionMask = 2147483647;
			files = (
			);
			runOnlyForDeploymentPostprocessing = 0;
		};
		E3F867951D9FF169000E4B66 /* Resources */ = {
			isa = PBXResourcesBuildPhase;
			buildActionMask = 2147483647;
			files = (
			);
			runOnlyForDeploymentPostprocessing = 0;
		};
/* End PBXResourcesBuildPhase section */

/* Begin PBXSourcesBuildPhase section */
		E3F867741D9FF169000E4B66 /* Sources */ = {
			isa = PBXSourcesBuildPhase;
			buildActionMask = 2147483647;
			files = (
				E3F8677E1D9FF169000E4B66 /* ViewController.swift in Sources */,
				E3F867AA1D9FF739000E4B66 /* File.swift in Sources */,
				E3F8677C1D9FF169000E4B66 /* AppDelegate.swift in Sources */,
			);
			runOnlyForDeploymentPostprocessing = 0;
		};
		E3F867881D9FF169000E4B66 /* Sources */ = {
			isa = PBXSourcesBuildPhase;
			buildActionMask = 2147483647;
			files = (
				E3F867911D9FF169000E4B66 /* SequeForNextTests.swift in Sources */,
			);
			runOnlyForDeploymentPostprocessing = 0;
		};
		E3F867931D9FF169000E4B66 /* Sources */ = {
			isa = PBXSourcesBuildPhase;
			buildActionMask = 2147483647;
			files = (
				E3F8679C1D9FF169000E4B66 /* SequeForNextUITests.swift in Sources */,
			);
			runOnlyForDeploymentPostprocessing = 0;
		};
/* End PBXSourcesBuildPhase section */

/* Begin PBXTargetDependency section */
		E3F8678E1D9FF169000E4B66 /* PBXTargetDependency */ = {
			isa = PBXTargetDependency;
			target = E3F867771D9FF169000E4B66 /* SequeForNext */;
			targetProxy = E3F8678D1D9FF169000E4B66 /* PBXContainerItemProxy */;
		};
		E3F867991D9FF169000E4B66 /* PBXTargetDependency */ = {
			isa = PBXTargetDependency;
			target = E3F867771D9FF169000E4B66 /* SequeForNext */;
			targetProxy = E3F867981D9FF169000E4B66 /* PBXContainerItemProxy */;
		};
/* End PBXTargetDependency section */

/* Begin PBXVariantGroup section */
		E3F8677F1D9FF169000E4B66 /* Main.storyboard */ = {
			isa = PBXVariantGroup;
			children = (
				E3F867801D9FF169000E4B66 /* Base */,
			);
			name = Main.storyboard;
			sourceTree = "<group>";
		};
		E3F867841D9FF169000E4B66 /* LaunchScreen.storyboard */ = {
			isa = PBXVariantGroup;
			children = (
				E3F867851D9FF169000E4B66 /* Base */,
			);
			name = LaunchScreen.storyboard;
			sourceTree = "<group>";
		};
/* End PBXVariantGroup section */

/* Begin XCBuildConfiguration section */
		E3F8679E1D9FF169000E4B66 /* Debug */ = {
			isa = XCBuildConfiguration;
			buildSettings = {
				ALWAYS_SEARCH_USER_PATHS = NO;
				CLANG_ANALYZER_NONNULL = YES;
				CLANG_CXX_LANGUAGE_STANDARD = "gnu++0x";
				CLANG_CXX_LIBRARY = "libc++";
				CLANG_ENABLE_MODULES = YES;
				CLANG_ENABLE_OBJC_ARC = YES;
				CLANG_WARN_BOOL_CONVERSION = YES;
				CLANG_WARN_CONSTANT_CONVERSION = YES;
				CLANG_WARN_DIRECT_OBJC_ISA_USAGE = YES_ERROR;
				CLANG_WARN_EMPTY_BODY = YES;
				CLANG_WARN_ENUM_CONVERSION = YES;
				CLANG_WARN_INT_CONVERSION = YES;
				CLANG_WARN_OBJC_ROOT_CLASS = YES_ERROR;
				CLANG_WARN_UNREACHABLE_CODE = YES;
				CLANG_WARN__DUPLICATE_METHOD_MATCH = YES;
				"CODE_SIGN_IDENTITY[sdk=iphoneos*]" = "iPhone Developer";
				COPY_PHASE_STRIP = NO;
				DEBUG_INFORMATION_FORMAT = dwarf;
				ENABLE_STRICT_OBJC_MSGSEND = YES;
				ENABLE_TESTABILITY = YES;
				GCC_C_LANGUAGE_STANDARD = gnu99;
				GCC_DYNAMIC_NO_PIC = NO;
				GCC_NO_COMMON_BLOCKS = YES;
				GCC_OPTIMIZATION_LEVEL = 0;
				GCC_PREPROCESSOR_DEFINITIONS = (
					"DEBUG=1",
					"$(inherited)",
				);
				GCC_WARN_64_TO_32_BIT_CONVERSION = YES;
				GCC_WARN_ABOUT_RETURN_TYPE = YES_ERROR;
				GCC_WARN_UNDECLARED_SELECTOR = YES;
				GCC_WARN_UNINITIALIZED_AUTOS = YES_AGGRESSIVE;
				GCC_WARN_UNUSED_FUNCTION = YES;
				GCC_WARN_UNUSED_VARIABLE = YES;
				IPHONEOS_DEPLOYMENT_TARGET = 9.3;
				MTL_ENABLE_DEBUG_INFO = YES;
				ONLY_ACTIVE_ARCH = YES;
				SDKROOT = iphoneos;
				SWIFT_OPTIMIZATION_LEVEL = "-Onone";
				TARGETED_DEVICE_FAMILY = "1,2";
			};
			name = Debug;
		};
		E3F8679F1D9FF169000E4B66 /* Release */ = {
			isa = XCBuildConfiguration;
			buildSettings = {
				ALWAYS_SEARCH_USER_PATHS = NO;
				CLANG_ANALYZER_NONNULL = YES;
				CLANG_CXX_LANGUAGE_STANDARD = "gnu++0x";
				CLANG_CXX_LIBRARY = "libc++";
				CLANG_ENABLE_MODULES = YES;
				CLANG_ENABLE_OBJC_ARC = YES;
				CLANG_WARN_BOOL_CONVERSION = YES;
				CLANG_WARN_CONSTANT_CONVERSION = YES;
				CLANG_WARN_DIRECT_OBJC_ISA_USAGE = YES_ERROR;
				CLANG_WARN_EMPTY_BODY = YES;
				CLANG_WARN_ENUM_CONVERSION = YES;
				CLANG_WARN_INT_CONVERSION = YES;
				CLANG_WARN_OBJC_ROOT_CLASS = YES_ERROR;
				CLANG_WARN_UNREACHABLE_CODE = YES;
				CLANG_WARN__DUPLICATE_METHOD_MATCH = YES;
				"CODE_SIGN_IDENTITY[sdk=iphoneos*]" = "iPhone Developer";
				COPY_PHASE_STRIP = NO;
				DEBUG_INFORMATION_FORMAT = "dwarf-with-dsym";
				ENABLE_NS_ASSERTIONS = NO;
				ENABLE_STRICT_OBJC_MSGSEND = YES;
				GCC_C_LANGUAGE_STANDARD = gnu99;
				GCC_NO_COMMON_BLOCKS = YES;
				GCC_WARN_64_TO_32_BIT_CONVERSION = YES;
				GCC_WARN_ABOUT_RETURN_TYPE = YES_ERROR;
				GCC_WARN_UNDECLARED_SELECTOR = YES;
				GCC_WARN_UNINITIALIZED_AUTOS = YES_AGGRESSIVE;
				GCC_WARN_UNUSED_FUNCTION = YES;
				GCC_WARN_UNUSED_VARIABLE = YES;
				IPHONEOS_DEPLOYMENT_TARGET = 9.3;
				MTL_ENABLE_DEBUG_INFO = NO;
				SDKROOT = iphoneos;
				TARGETED_DEVICE_FAMILY = "1,2";
				VALIDATE_PRODUCT = YES;
			};
			name = Release;
		};
		E3F867A11D9FF169000E4B66 /* Debug */ = {
			isa = XCBuildConfiguration;
			buildSettings = {
				ASSETCATALOG_COMPILER_APPICON_NAME = AppIcon;
				INFOPLIST_FILE = SequeForNext/Info.plist;
				LD_RUNPATH_SEARCH_PATHS = "$(inherited) @executable_path/Frameworks";
				PRODUCT_BUNDLE_IDENTIFIER = LivvInno.SequeForNext;
				PRODUCT_NAME = "$(TARGET_NAME)";
			};
			name = Debug;
		};
		E3F867A21D9FF169000E4B66 /* Release */ = {
			isa = XCBuildConfiguration;
			buildSettings = {
				ASSETCATALOG_COMPILER_APPICON_NAME = AppIcon;
				INFOPLIST_FILE = SequeForNext/Info.plist;
				LD_RUNPATH_SEARCH_PATHS = "$(inherited) @executable_path/Frameworks";
				PRODUCT_BUNDLE_IDENTIFIER = LivvInno.SequeForNext;
				PRODUCT_NAME = "$(TARGET_NAME)";
			};
			name = Release;
		};
		E3F867A41D9FF169000E4B66 /* Debug */ = {
			isa = XCBuildConfiguration;
			buildSettings = {
				BUNDLE_LOADER = "$(TEST_HOST)";
				INFOPLIST_FILE = SequeForNextTests/Info.plist;
				LD_RUNPATH_SEARCH_PATHS = "$(inherited) @executable_path/Frameworks @loader_path/Frameworks";
				PRODUCT_BUNDLE_IDENTIFIER = LivvInno.SequeForNextTests;
				PRODUCT_NAME = "$(TARGET_NAME)";
				TEST_HOST = "$(BUILT_PRODUCTS_DIR)/SequeForNext.app/SequeForNext";
			};
			name = Debug;
		};
		E3F867A51D9FF169000E4B66 /* Release */ = {
			isa = XCBuildConfiguration;
			buildSettings = {
				BUNDLE_LOADER = "$(TEST_HOST)";
				INFOPLIST_FILE = SequeForNextTests/Info.plist;
				LD_RUNPATH_SEARCH_PATHS = "$(inherited) @executable_path/Frameworks @loader_path/Frameworks";
				PRODUCT_BUNDLE_IDENTIFIER = LivvInno.SequeForNextTests;
				PRODUCT_NAME = "$(TARGET_NAME)";
				TEST_HOST = "$(BUILT_PRODUCTS_DIR)/SequeForNext.app/SequeForNext";
			};
			name = Release;
		};
		E3F867A71D9FF169000E4B66 /* Debug */ = {
			isa = XCBuildConfiguration;
			buildSettings = {
				INFOPLIST_FILE = SequeForNextUITests/Info.plist;
				LD_RUNPATH_SEARCH_PATHS = "$(inherited) @executable_path/Frameworks @loader_path/Frameworks";
				PRODUCT_BUNDLE_IDENTIFIER = LivvInno.SequeForNextUITests;
				PRODUCT_NAME = "$(TARGET_NAME)";
				TEST_TARGET_NAME = SequeForNext;
			};
			name = Debug;
		};
		E3F867A81D9FF169000E4B66 /* Release */ = {
			isa = XCBuildConfiguration;
			buildSettings = {
				INFOPLIST_FILE = SequeForNextUITests/Info.plist;
				LD_RUNPATH_SEARCH_PATHS = "$(inherited) @executable_path/Frameworks @loader_path/Frameworks";
				PRODUCT_BUNDLE_IDENTIFIER = LivvInno.SequeForNextUITests;
				PRODUCT_NAME = "$(TARGET_NAME)";
				TEST_TARGET_NAME = SequeForNext;
			};
			name = Release;
		};
/* End XCBuildConfiguration section */

/* Begin XCConfigurationList section */
		E3F867731D9FF169000E4B66 /* Build configuration list for PBXProject "SequeForNext" */ = {
			isa = XCConfigurationList;
			buildConfigurations = (
				E3F8679E1D9FF169000E4B66 /* Debug */,
				E3F8679F1D9FF169000E4B66 /* Release */,
			);
			defaultConfigurationIsVisible = 0;
			defaultConfigurationName = Release;
		};
		E3F867A01D9FF169000E4B66 /* Build configuration list for PBXNativeTarget "SequeForNext" */ = {
			isa = XCConfigurationList;
			buildConfigurations = (
				E3F867A11D9FF169000E4B66 /* Debug */,
				E3F867A21D9FF169000E4B66 /* Release */,
			);
			defaultConfigurationIsVisible = 0;
		};
		E3F867A31D9FF169000E4B66 /* Build configuration list for PBXNativeTarget "SequeForNextTests" */ = {
			isa = XCConfigurationList;
			buildConfigurations = (
				E3F867A41D9FF169000E4B66 /* Debug */,
				E3F867A51D9FF169000E4B66 /* Release */,
			);
			defaultConfigurationIsVisible = 0;
		};
		E3F867A61D9FF169000E4B66 /* Build configuration list for PBXNativeTarget "SequeForNextUITests" */ = {
			isa = XCConfigurationList;
			buildConfigurations = (
				E3F867A71D9FF169000E4B66 /* Debug */,
				E3F867A81D9FF169000E4B66 /* Release */,
			);
			defaultConfigurationIsVisible = 0;
		};
/* End XCConfigurationList section */
	};
	rootObject = E3F867701D9FF169000E4B66 /* Project object */;
}
